// !$*UTF8*$!
{
	archiveVersion = 1;
	classes = {
	};
	objectVersion = 50;
	objects = {

/* Begin PBXBuildFile section */
		1913F53A2173C75500051653 /* ThemesViewController.m in Sources */ = {isa = PBXBuildFile; fileRef = 1913F5392173C75500051653 /* ThemesViewController.m */; };
		1913F53C2173C85300051653 /* Themes.m in Sources */ = {isa = PBXBuildFile; fileRef = 1913F53B2173C85300051653 /* Themes.m */; };
		1913F544217D08B900051653 /* ProfileDataSaver.swift in Sources */ = {isa = PBXBuildFile; fileRef = 1913F543217D08B900051653 /* ProfileDataSaver.swift */; };
		1913F546217D08E700051653 /* ProfileDataLoader.swift in Sources */ = {isa = PBXBuildFile; fileRef = 1913F545217D08E700051653 /* ProfileDataLoader.swift */; };
		1913F548217D0A6600051653 /* ProfileOperationDataManager.swift in Sources */ = {isa = PBXBuildFile; fileRef = 1913F547217D0A6600051653 /* ProfileOperationDataManager.swift */; };
		1913F54A217D0BA000051653 /* ProfileGCDDataManager.swift in Sources */ = {isa = PBXBuildFile; fileRef = 1913F549217D0BA000051653 /* ProfileGCDDataManager.swift */; };
		1913F54C217D0D0A00051653 /* ProfileData.swift in Sources */ = {isa = PBXBuildFile; fileRef = 1913F54B217D0D0A00051653 /* ProfileData.swift */; };
		1913F54F217D0D9400051653 /* ProfileDataHandler.swift in Sources */ = {isa = PBXBuildFile; fileRef = 1913F54E217D0D9400051653 /* ProfileDataHandler.swift */; };
		1913F551217D0DF500051653 /* ProfileDataManagerProtocol.swift in Sources */ = {isa = PBXBuildFile; fileRef = 1913F550217D0DF500051653 /* ProfileDataManagerProtocol.swift */; };
		192C186F2159275B00EE3EA6 /* UIApplicationState+ParseToString.swift in Sources */ = {isa = PBXBuildFile; fileRef = 192C186E2159275B00EE3EA6 /* UIApplicationState+ParseToString.swift */; };
		199EA434215815260034534F /* AppDelegate.swift in Sources */ = {isa = PBXBuildFile; fileRef = 199EA433215815260034534F /* AppDelegate.swift */; };
		199EA436215815260034534F /* ProfileViewController.swift in Sources */ = {isa = PBXBuildFile; fileRef = 199EA435215815260034534F /* ProfileViewController.swift */; };
		199EA43B215815280034534F /* Assets.xcassets in Resources */ = {isa = PBXBuildFile; fileRef = 199EA43A215815280034534F /* Assets.xcassets */; };
		199EA43E215815280034534F /* LaunchScreen.storyboard in Resources */ = {isa = PBXBuildFile; fileRef = 199EA43C215815280034534F /* LaunchScreen.storyboard */; };
		199EA447215834CD0034534F /* HelperFunctions.swift in Sources */ = {isa = PBXBuildFile; fileRef = 199EA446215834CD0034534F /* HelperFunctions.swift */; };
		19A487472162B8D8000F4EE8 /* CameraHandler.swift in Sources */ = {isa = PBXBuildFile; fileRef = 19A487462162B8D8000F4EE8 /* CameraHandler.swift */; };
		19D01DFA216A9D450058E28B /* Main.storyboard in Resources */ = {isa = PBXBuildFile; fileRef = 19D01DF8216A9D450058E28B /* Main.storyboard */; };
		19D01E07216AB3090058E28B /* ConversationCell.swift in Sources */ = {isa = PBXBuildFile; fileRef = 19D01E06216AB3090058E28B /* ConversationCell.swift */; };
		19D01E09216AB31E0058E28B /* ConversationViewController.swift in Sources */ = {isa = PBXBuildFile; fileRef = 19D01E08216AB31E0058E28B /* ConversationViewController.swift */; };
		19D01E0B216AB4790058E28B /* ConversationsListViewController.swift in Sources */ = {isa = PBXBuildFile; fileRef = 19D01E0A216AB4790058E28B /* ConversationsListViewController.swift */; };
		19D01E0D216AB4AE0058E28B /* ConversationsListCell.swift in Sources */ = {isa = PBXBuildFile; fileRef = 19D01E0C216AB4AE0058E28B /* ConversationsListCell.swift */; };
		19F147162190E84B00DC4F47 /* CoreDataStack.swift in Sources */ = {isa = PBXBuildFile; fileRef = 19F147152190E84B00DC4F47 /* CoreDataStack.swift */; };
		19F147182190E88800DC4F47 /* CoreDataManager.swift in Sources */ = {isa = PBXBuildFile; fileRef = 19F147172190E88800DC4F47 /* CoreDataManager.swift */; };
		19F1471C2190E9E900DC4F47 /* Profile+Extensions.swift in Sources */ = {isa = PBXBuildFile; fileRef = 19F1471B2190E9E900DC4F47 /* Profile+Extensions.swift */; };
		19F1471F2190F05700DC4F47 /* Storage.xcdatamodeld in Sources */ = {isa = PBXBuildFile; fileRef = 19F1471D2190F05700DC4F47 /* Storage.xcdatamodeld */; };
		19F4FE2B218652C900CD30EE /* CommunicationManager.swift in Sources */ = {isa = PBXBuildFile; fileRef = 19F4FE2A218652C900CD30EE /* CommunicationManager.swift */; };
		19F4FE2D218652EA00CD30EE /* MC+Extension.swift in Sources */ = {isa = PBXBuildFile; fileRef = 19F4FE2C218652EA00CD30EE /* MC+Extension.swift */; };
		19F4FE2F2186530A00CD30EE /* MultiPeerCommunicator.swift in Sources */ = {isa = PBXBuildFile; fileRef = 19F4FE2E2186530A00CD30EE /* MultiPeerCommunicator.swift */; };
		19F4FE312186533B00CD30EE /* ComunicateDelegates.swift in Sources */ = {isa = PBXBuildFile; fileRef = 19F4FE302186533B00CD30EE /* ComunicateDelegates.swift */; };
		19F4FE332186535500CD30EE /* Communicator.swift in Sources */ = {isa = PBXBuildFile; fileRef = 19F4FE322186535500CD30EE /* Communicator.swift */; };
/* End PBXBuildFile section */

/* Begin PBXFileReference section */
		1913F5352173C4ED00051653 /* ThemesViewController.h */ = {isa = PBXFileReference; lastKnownFileType = sourcecode.c.h; path = ThemesViewController.h; sourceTree = "<group>"; };
		1913F5372173C66900051653 /* Themes.h */ = {isa = PBXFileReference; lastKnownFileType = sourcecode.c.h; path = Themes.h; sourceTree = "<group>"; };
		1913F5382173C75500051653 /* tChat-Bridging-Header.h */ = {isa = PBXFileReference; lastKnownFileType = sourcecode.c.h; path = "tChat-Bridging-Header.h"; sourceTree = "<group>"; };
		1913F5392173C75500051653 /* ThemesViewController.m */ = {isa = PBXFileReference; lastKnownFileType = sourcecode.c.objc; path = ThemesViewController.m; sourceTree = "<group>"; };
		1913F53B2173C85300051653 /* Themes.m */ = {isa = PBXFileReference; lastKnownFileType = sourcecode.c.objc; path = Themes.m; sourceTree = "<group>"; };
		1913F543217D08B900051653 /* ProfileDataSaver.swift */ = {isa = PBXFileReference; lastKnownFileType = sourcecode.swift; path = ProfileDataSaver.swift; sourceTree = "<group>"; };
		1913F545217D08E700051653 /* ProfileDataLoader.swift */ = {isa = PBXFileReference; lastKnownFileType = sourcecode.swift; path = ProfileDataLoader.swift; sourceTree = "<group>"; };
		1913F547217D0A6600051653 /* ProfileOperationDataManager.swift */ = {isa = PBXFileReference; lastKnownFileType = sourcecode.swift; path = ProfileOperationDataManager.swift; sourceTree = "<group>"; };
		1913F549217D0BA000051653 /* ProfileGCDDataManager.swift */ = {isa = PBXFileReference; lastKnownFileType = sourcecode.swift; path = ProfileGCDDataManager.swift; sourceTree = "<group>"; };
		1913F54B217D0D0A00051653 /* ProfileData.swift */ = {isa = PBXFileReference; lastKnownFileType = sourcecode.swift; path = ProfileData.swift; sourceTree = "<group>"; };
		1913F54E217D0D9400051653 /* ProfileDataHandler.swift */ = {isa = PBXFileReference; lastKnownFileType = sourcecode.swift; path = ProfileDataHandler.swift; sourceTree = "<group>"; };
		1913F550217D0DF500051653 /* ProfileDataManagerProtocol.swift */ = {isa = PBXFileReference; lastKnownFileType = sourcecode.swift; path = ProfileDataManagerProtocol.swift; sourceTree = "<group>"; };
		192C186E2159275B00EE3EA6 /* UIApplicationState+ParseToString.swift */ = {isa = PBXFileReference; lastKnownFileType = sourcecode.swift; path = "UIApplicationState+ParseToString.swift"; sourceTree = "<group>"; };
		199EA430215815260034534F /* tChat.app */ = {isa = PBXFileReference; explicitFileType = wrapper.application; includeInIndex = 0; path = tChat.app; sourceTree = BUILT_PRODUCTS_DIR; };
		199EA433215815260034534F /* AppDelegate.swift */ = {isa = PBXFileReference; lastKnownFileType = sourcecode.swift; path = AppDelegate.swift; sourceTree = "<group>"; };
		199EA435215815260034534F /* ProfileViewController.swift */ = {isa = PBXFileReference; lastKnownFileType = sourcecode.swift; path = ProfileViewController.swift; sourceTree = "<group>"; };
		199EA43A215815280034534F /* Assets.xcassets */ = {isa = PBXFileReference; lastKnownFileType = folder.assetcatalog; path = Assets.xcassets; sourceTree = "<group>"; };
		199EA43D215815280034534F /* Base */ = {isa = PBXFileReference; lastKnownFileType = file.storyboard; name = Base; path = Base.lproj/LaunchScreen.storyboard; sourceTree = "<group>"; };
		199EA43F215815280034534F /* Info.plist */ = {isa = PBXFileReference; lastKnownFileType = text.plist.xml; path = Info.plist; sourceTree = "<group>"; };
		199EA446215834CD0034534F /* HelperFunctions.swift */ = {isa = PBXFileReference; lastKnownFileType = sourcecode.swift; path = HelperFunctions.swift; sourceTree = "<group>"; };
		19A487462162B8D8000F4EE8 /* CameraHandler.swift */ = {isa = PBXFileReference; lastKnownFileType = sourcecode.swift; path = CameraHandler.swift; sourceTree = "<group>"; };
		19D01DF9216A9D450058E28B /* Base */ = {isa = PBXFileReference; lastKnownFileType = file.storyboard; name = Base; path = Base.lproj/Main.storyboard; sourceTree = "<group>"; };
		19D01E06216AB3090058E28B /* ConversationCell.swift */ = {isa = PBXFileReference; lastKnownFileType = sourcecode.swift; path = ConversationCell.swift; sourceTree = "<group>"; };
		19D01E08216AB31E0058E28B /* ConversationViewController.swift */ = {isa = PBXFileReference; lastKnownFileType = sourcecode.swift; path = ConversationViewController.swift; sourceTree = "<group>"; };
		19D01E0A216AB4790058E28B /* ConversationsListViewController.swift */ = {isa = PBXFileReference; lastKnownFileType = sourcecode.swift; path = ConversationsListViewController.swift; sourceTree = "<group>"; };
		19D01E0C216AB4AE0058E28B /* ConversationsListCell.swift */ = {isa = PBXFileReference; lastKnownFileType = sourcecode.swift; path = ConversationsListCell.swift; sourceTree = "<group>"; };
		19F147152190E84B00DC4F47 /* CoreDataStack.swift */ = {isa = PBXFileReference; lastKnownFileType = sourcecode.swift; path = CoreDataStack.swift; sourceTree = "<group>"; };
		19F147172190E88800DC4F47 /* CoreDataManager.swift */ = {isa = PBXFileReference; lastKnownFileType = sourcecode.swift; path = CoreDataManager.swift; sourceTree = "<group>"; };
		19F1471B2190E9E900DC4F47 /* Profile+Extensions.swift */ = {isa = PBXFileReference; lastKnownFileType = sourcecode.swift; path = "Profile+Extensions.swift"; sourceTree = "<group>"; };
		19F1471E2190F05700DC4F47 /* Storage.xcdatamodel */ = {isa = PBXFileReference; lastKnownFileType = wrapper.xcdatamodel; path = Storage.xcdatamodel; sourceTree = "<group>"; };
		19F4FE2A218652C900CD30EE /* CommunicationManager.swift */ = {isa = PBXFileReference; lastKnownFileType = sourcecode.swift; path = CommunicationManager.swift; sourceTree = "<group>"; };
		19F4FE2C218652EA00CD30EE /* MC+Extension.swift */ = {isa = PBXFileReference; lastKnownFileType = sourcecode.swift; path = "MC+Extension.swift"; sourceTree = "<group>"; };
		19F4FE2E2186530A00CD30EE /* MultiPeerCommunicator.swift */ = {isa = PBXFileReference; lastKnownFileType = sourcecode.swift; path = MultiPeerCommunicator.swift; sourceTree = "<group>"; };
		19F4FE302186533B00CD30EE /* ComunicateDelegates.swift */ = {isa = PBXFileReference; lastKnownFileType = sourcecode.swift; path = ComunicateDelegates.swift; sourceTree = "<group>"; };
		19F4FE322186535500CD30EE /* Communicator.swift */ = {isa = PBXFileReference; lastKnownFileType = sourcecode.swift; path = Communicator.swift; sourceTree = "<group>"; };
/* End PBXFileReference section */

/* Begin PBXFrameworksBuildPhase section */
		199EA42D215815260034534F /* Frameworks */ = {
			isa = PBXFrameworksBuildPhase;
			buildActionMask = 2147483647;
			files = (
			);
			runOnlyForDeploymentPostprocessing = 0;
		};
/* End PBXFrameworksBuildPhase section */

/* Begin PBXGroup section */
		1913F5342173C4B000051653 /* ThemesViewController */ = {
			isa = PBXGroup;
			children = (
				1913F5352173C4ED00051653 /* ThemesViewController.h */,
				1913F5372173C66900051653 /* Themes.h */,
				1913F5392173C75500051653 /* ThemesViewController.m */,
				1913F5382173C75500051653 /* tChat-Bridging-Header.h */,
				1913F53B2173C85300051653 /* Themes.m */,
			);
			path = ThemesViewController;
			sourceTree = "<group>";
		};
		1913F53D217D07B600051653 /* Operations */ = {
			isa = PBXGroup;
			children = (
				1913F543217D08B900051653 /* ProfileDataSaver.swift */,
				1913F545217D08E700051653 /* ProfileDataLoader.swift */,
				1913F547217D0A6600051653 /* ProfileOperationDataManager.swift */,
			);
			path = Operations;
			sourceTree = "<group>";
		};
		1913F53E217D07C000051653 /* GCD */ = {
			isa = PBXGroup;
			children = (
				1913F549217D0BA000051653 /* ProfileGCDDataManager.swift */,
			);
			path = GCD;
			sourceTree = "<group>";
		};
		1913F54D217D0D5600051653 /* Profile */ = {
			isa = PBXGroup;
			children = (
				1913F54B217D0D0A00051653 /* ProfileData.swift */,
				1913F54E217D0D9400051653 /* ProfileDataHandler.swift */,
				1913F550217D0DF500051653 /* ProfileDataManagerProtocol.swift */,
			);
			path = Profile;
			sourceTree = "<group>";
		};
		19442FEF216AB88D0022B434 /* ProfileViewController */ = {
			isa = PBXGroup;
			children = (
				199EA435215815260034534F /* ProfileViewController.swift */,
			);
			path = ProfileViewController;
			sourceTree = "<group>";
		};
		199EA427215815260034534F = {
			isa = PBXGroup;
			children = (
				199EA432215815260034534F /* tChat */,
				199EA431215815260034534F /* Products */,
			);
			sourceTree = "<group>";
		};
		199EA431215815260034534F /* Products */ = {
			isa = PBXGroup;
			children = (
				199EA430215815260034534F /* tChat.app */,
			);
			name = Products;
			sourceTree = "<group>";
		};
		199EA432215815260034534F /* tChat */ = {
			isa = PBXGroup;
			children = (
				19F147142190E82F00DC4F47 /* CoreData */,
				19F4FE252186516D00CD30EE /* MPC */,
				1913F5342173C4B000051653 /* ThemesViewController */,
				19442FEF216AB88D0022B434 /* ProfileViewController */,
				19D01E05216AB21E0058E28B /* ConversationViewController */,
				19D01E03216AB0380058E28B /* ConversationsListViewController */,
				199EA445215834A80034534F /* Helpers */,
				199EA433215815260034534F /* AppDelegate.swift */,
				199EA43A215815280034534F /* Assets.xcassets */,
				19D01DF8216A9D450058E28B /* Main.storyboard */,
				199EA43C215815280034534F /* LaunchScreen.storyboard */,
				199EA43F215815280034534F /* Info.plist */,
			);
			path = tChat;
			sourceTree = "<group>";
		};
		199EA445215834A80034534F /* Helpers */ = {
			isa = PBXGroup;
			children = (
				1913F54D217D0D5600051653 /* Profile */,
				1913F53E217D07C000051653 /* GCD */,
				1913F53D217D07B600051653 /* Operations */,
				199EA446215834CD0034534F /* HelperFunctions.swift */,
				192C186E2159275B00EE3EA6 /* UIApplicationState+ParseToString.swift */,
				19A487462162B8D8000F4EE8 /* CameraHandler.swift */,
				19F1471B2190E9E900DC4F47 /* Profile+Extensions.swift */,
			);
			path = Helpers;
			sourceTree = "<group>";
		};
		19D01E03216AB0380058E28B /* ConversationsListViewController */ = {
			isa = PBXGroup;
			children = (
				19D01E0A216AB4790058E28B /* ConversationsListViewController.swift */,
				19D01E0C216AB4AE0058E28B /* ConversationsListCell.swift */,
			);
			path = ConversationsListViewController;
			sourceTree = "<group>";
		};
		19D01E05216AB21E0058E28B /* ConversationViewController */ = {
			isa = PBXGroup;
			children = (
				19D01E06216AB3090058E28B /* ConversationCell.swift */,
				19D01E08216AB31E0058E28B /* ConversationViewController.swift */,
			);
			path = ConversationViewController;
			sourceTree = "<group>";
		};
		19F147142190E82F00DC4F47 /* CoreData */ = {
			isa = PBXGroup;
			children = (
				19F147152190E84B00DC4F47 /* CoreDataStack.swift */,
				19F147172190E88800DC4F47 /* CoreDataManager.swift */,
				19F1471D2190F05700DC4F47 /* Storage.xcdatamodeld */,
			);
			path = CoreData;
			sourceTree = "<group>";
		};
		19F4FE252186516D00CD30EE /* MPC */ = {
			isa = PBXGroup;
			children = (
				19F4FE2A218652C900CD30EE /* CommunicationManager.swift */,
				19F4FE2C218652EA00CD30EE /* MC+Extension.swift */,
				19F4FE2E2186530A00CD30EE /* MultiPeerCommunicator.swift */,
				19F4FE302186533B00CD30EE /* ComunicateDelegates.swift */,
				19F4FE322186535500CD30EE /* Communicator.swift */,
			);
			path = MPC;
			sourceTree = "<group>";
		};
/* End PBXGroup section */

/* Begin PBXNativeTarget section */
		199EA42F215815260034534F /* tChat */ = {
			isa = PBXNativeTarget;
			buildConfigurationList = 199EA442215815280034534F /* Build configuration list for PBXNativeTarget "tChat" */;
			buildPhases = (
				199EA42C215815260034534F /* Sources */,
				199EA42D215815260034534F /* Frameworks */,
				199EA42E215815260034534F /* Resources */,
			);
			buildRules = (
			);
			dependencies = (
			);
			name = tChat;
			productName = tChat;
			productReference = 199EA430215815260034534F /* tChat.app */;
			productType = "com.apple.product-type.application";
		};
/* End PBXNativeTarget section */

/* Begin PBXProject section */
		199EA428215815260034534F /* Project object */ = {
			isa = PBXProject;
			attributes = {
				LastSwiftUpdateCheck = 0940;
				LastUpgradeCheck = 0940;
				ORGANIZATIONNAME = "Ivan Sorokoletov";
				TargetAttributes = {
					199EA42F215815260034534F = {
						CreatedOnToolsVersion = 9.4.1;
						LastSwiftMigration = 1000;
					};
				};
			};
			buildConfigurationList = 199EA42B215815260034534F /* Build configuration list for PBXProject "tChat" */;
			compatibilityVersion = "Xcode 9.3";
			developmentRegion = en;
			hasScannedForEncodings = 0;
			knownRegions = (
				en,
				Base,
			);
			mainGroup = 199EA427215815260034534F;
			productRefGroup = 199EA431215815260034534F /* Products */;
			projectDirPath = "";
			projectRoot = "";
			targets = (
				199EA42F215815260034534F /* tChat */,
			);
		};
/* End PBXProject section */

/* Begin PBXResourcesBuildPhase section */
		199EA42E215815260034534F /* Resources */ = {
			isa = PBXResourcesBuildPhase;
			buildActionMask = 2147483647;
			files = (
				19D01DFA216A9D450058E28B /* Main.storyboard in Resources */,
				199EA43E215815280034534F /* LaunchScreen.storyboard in Resources */,
				199EA43B215815280034534F /* Assets.xcassets in Resources */,
			);
			runOnlyForDeploymentPostprocessing = 0;
		};
/* End PBXResourcesBuildPhase section */

/* Begin PBXSourcesBuildPhase section */
		199EA42C215815260034534F /* Sources */ = {
			isa = PBXSourcesBuildPhase;
			buildActionMask = 2147483647;
			files = (
				1913F551217D0DF500051653 /* ProfileDataManagerProtocol.swift in Sources */,
				19F1471F2190F05700DC4F47 /* Storage.xcdatamodeld in Sources */,
				1913F546217D08E700051653 /* ProfileDataLoader.swift in Sources */,
				192C186F2159275B00EE3EA6 /* UIApplicationState+ParseToString.swift in Sources */,
				19F1471C2190E9E900DC4F47 /* Profile+Extensions.swift in Sources */,
				1913F53C2173C85300051653 /* Themes.m in Sources */,
				19A487472162B8D8000F4EE8 /* CameraHandler.swift in Sources */,
				1913F53A2173C75500051653 /* ThemesViewController.m in Sources */,
				1913F54F217D0D9400051653 /* ProfileDataHandler.swift in Sources */,
				19D01E0D216AB4AE0058E28B /* ConversationsListCell.swift in Sources */,
				1913F544217D08B900051653 /* ProfileDataSaver.swift in Sources */,
				19F4FE2D218652EA00CD30EE /* MC+Extension.swift in Sources */,
				19F4FE312186533B00CD30EE /* ComunicateDelegates.swift in Sources */,
				1913F54C217D0D0A00051653 /* ProfileData.swift in Sources */,
				199EA436215815260034534F /* ProfileViewController.swift in Sources */,
				19F4FE2B218652C900CD30EE /* CommunicationManager.swift in Sources */,
				19D01E07216AB3090058E28B /* ConversationCell.swift in Sources */,
				19F147162190E84B00DC4F47 /* CoreDataStack.swift in Sources */,
				19D01E0B216AB4790058E28B /* ConversationsListViewController.swift in Sources */,
				19F4FE2F2186530A00CD30EE /* MultiPeerCommunicator.swift in Sources */,
				19F147182190E88800DC4F47 /* CoreDataManager.swift in Sources */,
				199EA434215815260034534F /* AppDelegate.swift in Sources */,
				199EA447215834CD0034534F /* HelperFunctions.swift in Sources */,
				19D01E09216AB31E0058E28B /* ConversationViewController.swift in Sources */,
				1913F548217D0A6600051653 /* ProfileOperationDataManager.swift in Sources */,
				1913F54A217D0BA000051653 /* ProfileGCDDataManager.swift in Sources */,
				19F4FE332186535500CD30EE /* Communicator.swift in Sources */,
			);
			runOnlyForDeploymentPostprocessing = 0;
		};
/* End PBXSourcesBuildPhase section */

/* Begin PBXVariantGroup section */
		199EA43C215815280034534F /* LaunchScreen.storyboard */ = {
			isa = PBXVariantGroup;
			children = (
				199EA43D215815280034534F /* Base */,
			);
			name = LaunchScreen.storyboard;
			sourceTree = "<group>";
		};
		19D01DF8216A9D450058E28B /* Main.storyboard */ = {
			isa = PBXVariantGroup;
			children = (
				19D01DF9216A9D450058E28B /* Base */,
			);
			name = Main.storyboard;
			sourceTree = "<group>";
		};
/* End PBXVariantGroup section */

/* Begin XCBuildConfiguration section */
		199EA440215815280034534F /* Debug */ = {
			isa = XCBuildConfiguration;
			buildSettings = {
				ALWAYS_SEARCH_USER_PATHS = NO;
				CLANG_ANALYZER_NONNULL = YES;
				CLANG_ANALYZER_NUMBER_OBJECT_CONVERSION = YES_AGGRESSIVE;
				CLANG_CXX_LANGUAGE_STANDARD = "gnu++14";
				CLANG_CXX_LIBRARY = "libc++";
				CLANG_ENABLE_MODULES = YES;
				CLANG_ENABLE_OBJC_ARC = YES;
				CLANG_ENABLE_OBJC_WEAK = YES;
				CLANG_WARN_BLOCK_CAPTURE_AUTORELEASING = YES;
				CLANG_WARN_BOOL_CONVERSION = YES;
				CLANG_WARN_COMMA = YES;
				CLANG_WARN_CONSTANT_CONVERSION = YES;
				CLANG_WARN_DEPRECATED_OBJC_IMPLEMENTATIONS = YES;
				CLANG_WARN_DIRECT_OBJC_ISA_USAGE = YES_ERROR;
				CLANG_WARN_DOCUMENTATION_COMMENTS = YES;
				CLANG_WARN_EMPTY_BODY = YES;
				CLANG_WARN_ENUM_CONVERSION = YES;
				CLANG_WARN_INFINITE_RECURSION = YES;
				CLANG_WARN_INT_CONVERSION = YES;
				CLANG_WARN_NON_LITERAL_NULL_CONVERSION = YES;
				CLANG_WARN_OBJC_IMPLICIT_RETAIN_SELF = YES;
				CLANG_WARN_OBJC_LITERAL_CONVERSION = YES;
				CLANG_WARN_OBJC_ROOT_CLASS = YES_ERROR;
				CLANG_WARN_RANGE_LOOP_ANALYSIS = YES;
				CLANG_WARN_STRICT_PROTOTYPES = YES;
				CLANG_WARN_SUSPICIOUS_MOVE = YES;
				CLANG_WARN_UNGUARDED_AVAILABILITY = YES_AGGRESSIVE;
				CLANG_WARN_UNREACHABLE_CODE = YES;
				CLANG_WARN__DUPLICATE_METHOD_MATCH = YES;
				CODE_SIGN_IDENTITY = "iPhone Developer";
				COPY_PHASE_STRIP = NO;
				DEBUG_INFORMATION_FORMAT = dwarf;
				ENABLE_STRICT_OBJC_MSGSEND = YES;
				ENABLE_TESTABILITY = YES;
				GCC_C_LANGUAGE_STANDARD = gnu11;
				GCC_DYNAMIC_NO_PIC = NO;
				GCC_NO_COMMON_BLOCKS = YES;
				GCC_OPTIMIZATION_LEVEL = 0;
				GCC_PREPROCESSOR_DEFINITIONS = (
					"DEBUG=1",
					"$(inherited)",
				);
				GCC_WARN_64_TO_32_BIT_CONVERSION = YES;
				GCC_WARN_ABOUT_RETURN_TYPE = YES_ERROR;
				GCC_WARN_UNDECLARED_SELECTOR = YES;
				GCC_WARN_UNINITIALIZED_AUTOS = YES_AGGRESSIVE;
				GCC_WARN_UNUSED_FUNCTION = YES;
				GCC_WARN_UNUSED_VARIABLE = YES;
				IPHONEOS_DEPLOYMENT_TARGET = 11.4;
				MTL_ENABLE_DEBUG_INFO = YES;
				ONLY_ACTIVE_ARCH = YES;
				SDKROOT = iphoneos;
				SWIFT_ACTIVE_COMPILATION_CONDITIONS = DEBUG;
				SWIFT_OPTIMIZATION_LEVEL = "-Onone";
			};
			name = Debug;
		};
		199EA441215815280034534F /* Release */ = {
			isa = XCBuildConfiguration;
			buildSettings = {
				ALWAYS_SEARCH_USER_PATHS = NO;
				CLANG_ANALYZER_NONNULL = YES;
				CLANG_ANALYZER_NUMBER_OBJECT_CONVERSION = YES_AGGRESSIVE;
				CLANG_CXX_LANGUAGE_STANDARD = "gnu++14";
				CLANG_CXX_LIBRARY = "libc++";
				CLANG_ENABLE_MODULES = YES;
				CLANG_ENABLE_OBJC_ARC = YES;
				CLANG_ENABLE_OBJC_WEAK = YES;
				CLANG_WARN_BLOCK_CAPTURE_AUTORELEASING = YES;
				CLANG_WARN_BOOL_CONVERSION = YES;
				CLANG_WARN_COMMA = YES;
				CLANG_WARN_CONSTANT_CONVERSION = YES;
				CLANG_WARN_DEPRECATED_OBJC_IMPLEMENTATIONS = YES;
				CLANG_WARN_DIRECT_OBJC_ISA_USAGE = YES_ERROR;
				CLANG_WARN_DOCUMENTATION_COMMENTS = YES;
				CLANG_WARN_EMPTY_BODY = YES;
				CLANG_WARN_ENUM_CONVERSION = YES;
				CLANG_WARN_INFINITE_RECURSION = YES;
				CLANG_WARN_INT_CONVERSION = YES;
				CLANG_WARN_NON_LITERAL_NULL_CONVERSION = YES;
				CLANG_WARN_OBJC_IMPLICIT_RETAIN_SELF = YES;
				CLANG_WARN_OBJC_LITERAL_CONVERSION = YES;
				CLANG_WARN_OBJC_ROOT_CLASS = YES_ERROR;
				CLANG_WARN_RANGE_LOOP_ANALYSIS = YES;
				CLANG_WARN_STRICT_PROTOTYPES = YES;
				CLANG_WARN_SUSPICIOUS_MOVE = YES;
				CLANG_WARN_UNGUARDED_AVAILABILITY = YES_AGGRESSIVE;
				CLANG_WARN_UNREACHABLE_CODE = YES;
				CLANG_WARN__DUPLICATE_METHOD_MATCH = YES;
				CODE_SIGN_IDENTITY = "iPhone Developer";
				COPY_PHASE_STRIP = NO;
				DEBUG_INFORMATION_FORMAT = "dwarf-with-dsym";
				ENABLE_NS_ASSERTIONS = NO;
				ENABLE_STRICT_OBJC_MSGSEND = YES;
				GCC_C_LANGUAGE_STANDARD = gnu11;
				GCC_NO_COMMON_BLOCKS = YES;
				GCC_WARN_64_TO_32_BIT_CONVERSION = YES;
				GCC_WARN_ABOUT_RETURN_TYPE = YES_ERROR;
				GCC_WARN_UNDECLARED_SELECTOR = YES;
				GCC_WARN_UNINITIALIZED_AUTOS = YES_AGGRESSIVE;
				GCC_WARN_UNUSED_FUNCTION = YES;
				GCC_WARN_UNUSED_VARIABLE = YES;
				IPHONEOS_DEPLOYMENT_TARGET = 11.4;
				MTL_ENABLE_DEBUG_INFO = NO;
				SDKROOT = iphoneos;
				SWIFT_COMPILATION_MODE = wholemodule;
				SWIFT_OPTIMIZATION_LEVEL = "-O";
				VALIDATE_PRODUCT = YES;
			};
			name = Release;
		};
		199EA443215815280034534F /* Debug */ = {
			isa = XCBuildConfiguration;
			buildSettings = {
				ASSETCATALOG_COMPILER_APPICON_NAME = AppIcon;
				CLANG_ENABLE_MODULES = YES;
				CLANG_ENABLE_OBJC_ARC = NO;
				CODE_SIGN_STYLE = Automatic;
				DEVELOPMENT_TEAM = CX8VPR967D;
				INFOPLIST_FILE = tChat/Info.plist;
				IPHONEOS_DEPLOYMENT_TARGET = 12.0;
				LD_RUNPATH_SEARCH_PATHS = (
					"$(inherited)",
					"@executable_path/Frameworks",
				);
				PRODUCT_BUNDLE_IDENTIFIER = com.eskaria.tChat;
				PRODUCT_NAME = "$(TARGET_NAME)";
				SWIFT_OBJC_BRIDGING_HEADER = "tChat/ThemesViewController/tChat-Bridging-Header.h";
				SWIFT_OPTIMIZATION_LEVEL = "-Onone";
				SWIFT_VERSION = 4.2;
				TARGETED_DEVICE_FAMILY = 1;
			};
			name = Debug;
		};
		199EA444215815280034534F /* Release */ = {
			isa = XCBuildConfiguration;
			buildSettings = {
				ASSETCATALOG_COMPILER_APPICON_NAME = AppIcon;
				CLANG_ENABLE_MODULES = YES;
				CLANG_ENABLE_OBJC_ARC = NO;
				CODE_SIGN_STYLE = Automatic;
				DEVELOPMENT_TEAM = CX8VPR967D;
				INFOPLIST_FILE = tChat/Info.plist;
				IPHONEOS_DEPLOYMENT_TARGET = 12.0;
				LD_RUNPATH_SEARCH_PATHS = (
					"$(inherited)",
					"@executable_path/Frameworks",
				);
				PRODUCT_BUNDLE_IDENTIFIER = com.eskaria.tChat;
				PRODUCT_NAME = "$(TARGET_NAME)";
				SWIFT_OBJC_BRIDGING_HEADER = "tChat/ThemesViewController/tChat-Bridging-Header.h";
				SWIFT_VERSION = 4.2;
				TARGETED_DEVICE_FAMILY = 1;
			};
			name = Release;
		};
/* End XCBuildConfiguration section */

/* Begin XCConfigurationList section */
		199EA42B215815260034534F /* Build configuration list for PBXProject "tChat" */ = {
			isa = XCConfigurationList;
			buildConfigurations = (
				199EA440215815280034534F /* Debug */,
				199EA441215815280034534F /* Release */,
			);
			defaultConfigurationIsVisible = 0;
			defaultConfigurationName = Release;
		};
		199EA442215815280034534F /* Build configuration list for PBXNativeTarget "tChat" */ = {
			isa = XCConfigurationList;
			buildConfigurations = (
				199EA443215815280034534F /* Debug */,
				199EA444215815280034534F /* Release */,
			);
			defaultConfigurationIsVisible = 0;
			defaultConfigurationName = Release;
		};
/* End XCConfigurationList section */

/* Begin XCVersionGroup section */
		19F1471D2190F05700DC4F47 /* Storage.xcdatamodeld */ = {
			isa = XCVersionGroup;
			children = (
				19F1471E2190F05700DC4F47 /* Storage.xcdatamodel */,
			);
			currentVersion = 19F1471E2190F05700DC4F47 /* Storage.xcdatamodel */;
			path = Storage.xcdatamodeld;
			sourceTree = "<group>";
			versionGroupType = wrapper.xcdatamodel;
		};
/* End XCVersionGroup section */
	};
	rootObject = 199EA428215815260034534F /* Project object */;
}
